
Microsoft Visual Studio Solution File, Format Version 12.00
# Visual Studio Version 17
VisualStudioVersion = 17.11.35327.3
MinimumVisualStudioVersion = 10.0.40219.1
Project("{FAE04EC0-301F-11D3-BF4B-00C04F79EFBC}") = "Finianceable", "Finianceable.csproj", "{2D1D496B-7693-4861-AD7A-27F00536A99D}"
EndProject
Global
	GlobalSection(SolutionConfigurationPlatforms) = preSolution
		Debug|Any CPU = Debug|Any CPU
		Release|Any CPU = Release|Any CPU
	EndGlobalSection
	GlobalSection(ProjectConfigurationPlatforms) = postSolution
		{2D1D496B-7693-4861-AD7A-27F00536A99D}.Debug|Any CPU.ActiveCfg = Debug|Any CPU
		{2D1D496B-7693-4861-AD7A-27F00536A99D}.Debug|Any CPU.Build.0 = Debug|Any CPU
		{2D1D496B-7693-4861-AD7A-27F00536A99D}.Release|Any CPU.ActiveCfg = Release|Any CPU
		{2D1D496B-7693-4861-AD7A-27F00536A99D}.Release|Any CPU.Build.0 = Release|Any CPU
	EndGlobalSection
	GlobalSection(SolutionProperties) = preSolution
		HideSolutionNode = FALSE
	EndGlobalSection
	GlobalSection(ExtensibilityGlobals) = postSolution
		SolutionGuid = {C499B6F6-032D-4ED1-B89C-980D5DB02624}
	EndGlobalSection
EndGlobal
